{
    "requires": true,
    "lockfileVersion": 1,
    "dependencies": {
        "@urql/core": {
            "version": "1.13.1",
            "resolved": "https://registry.npmjs.org/@urql/core/-/core-1.13.1.tgz",
            "integrity": "sha512-Zl4UwvcE9JbWKzrtxnlmfF+rkX50GzK5dpMlB6FnUYF0sLmuGMxp67lnhTQsfTNJ+41bkj4lk0PMWEnG7KUsTw==",
            "requires": {
                "wonka": "^4.0.14"
            }
        },
        "@urql/exchange-auth": {
            "version": "0.1.0",
            "resolved": "https://registry.npmjs.org/@urql/exchange-auth/-/exchange-auth-0.1.0.tgz",
            "integrity": "sha512-5nC+XoF6C4LmVrfgvAO3ykD5JtSSkvkWFqr/zxKBBSYu1niUIgDBGXzjiKN24tBWKpFZ1bI9R5OkQ+eYqobXPA==",
            "requires": {
                "@urql/core": ">=1.12.0",
                "wonka": "^4.0.14"
            }
        },
        "graphql-tag": {
            "version": "2.11.0",
            "resolved": "https://registry.npmjs.org/graphql-tag/-/graphql-tag-2.11.0.tgz",
            "integrity": "sha512-VmsD5pJqWJnQZMUeRwrDhfgoyqcfwEkvtpANqcoUG8/tOLkwNgU9mzub/Mc78OJMhHjx7gfAMTxzdG43VGg3bA=="
        },
        "urql": {
            "version": "1.10.1",
            "resolved": "https://registry.npmjs.org/urql/-/urql-1.10.1.tgz",
            "integrity": "sha512-DMafjxLZfWUPSZRs39+wxmrHTqHm4LLfHvKQfSqkmkwneO/Ws5SLJsT/enZcQfLlH0ZWGvBOVHtVt3j0y8HbcQ==",
            "requires": {
                "@urql/core": "^1.12.3",
                "wonka": "^4.0.14"
            }
        },
        "wonka": {
            "version": "4.0.14",
            "resolved": "https://registry.npmjs.org/wonka/-/wonka-4.0.14.tgz",
            "integrity": "sha512-v9vmsTxpZjrA8CYfztbuoTQSHEsG3ZH+NCYfasHm0V3GqBupXrjuuz0RJyUaw2cRO7ouW2js0P6i853/qxlDcA=="
        }
    }
}
